// !$*UTF8*$!
{
	archiveVersion = 1;
	classes = {
	};
	objectVersion = 50;
	objects = {

/* Begin PBXBuildFile section */
		5BD0102624F4F72A00068258 /* AppDelegate.swift in Sources */ = {isa = PBXBuildFile; fileRef = 5BD0102524F4F72A00068258 /* AppDelegate.swift */; };
		5BD0102824F4F72A00068258 /* SceneDelegate.swift in Sources */ = {isa = PBXBuildFile; fileRef = 5BD0102724F4F72A00068258 /* SceneDelegate.swift */; };
		5BD0102A24F4F72A00068258 /* MainViewController.swift in Sources */ = {isa = PBXBuildFile; fileRef = 5BD0102924F4F72A00068258 /* MainViewController.swift */; };
		5BD0102D24F4F72A00068258 /* Main.storyboard in Resources */ = {isa = PBXBuildFile; fileRef = 5BD0102B24F4F72A00068258 /* Main.storyboard */; };
		5BD0103024F4F72A00068258 /* MutiDelegatesPractice.xcdatamodeld in Sources */ = {isa = PBXBuildFile; fileRef = 5BD0102E24F4F72A00068258 /* MutiDelegatesPractice.xcdatamodeld */; };
		5BD0103224F4F72C00068258 /* Assets.xcassets in Resources */ = {isa = PBXBuildFile; fileRef = 5BD0103124F4F72C00068258 /* Assets.xcassets */; };
		5BD0103524F4F72C00068258 /* LaunchScreen.storyboard in Resources */ = {isa = PBXBuildFile; fileRef = 5BD0103324F4F72C00068258 /* LaunchScreen.storyboard */; };
		5BD0103D24F5091D00068258 /* PinkViewController.swift in Sources */ = {isa = PBXBuildFile; fileRef = 5BD0103C24F5091D00068258 /* PinkViewController.swift */; };
		5BD0103F24F50A2900068258 /* OrangeViewController.swift in Sources */ = {isa = PBXBuildFile; fileRef = 5BD0103E24F50A2900068258 /* OrangeViewController.swift */; };
/* End PBXBuildFile section */

/* Begin PBXFileReference section */
		5BD0102224F4F72A00068258 /* MutiDelegatesPractice.app */ = {isa = PBXFileReference; explicitFileType = wrapper.application; includeInIndex = 0; path = MutiDelegatesPractice.app; sourceTree = BUILT_PRODUCTS_DIR; };
		5BD0102524F4F72A00068258 /* AppDelegate.swift */ = {isa = PBXFileReference; lastKnownFileType = sourcecode.swift; path = AppDelegate.swift; sourceTree = "<group>"; };
		5BD0102724F4F72A00068258 /* SceneDelegate.swift */ = {isa = PBXFileReference; lastKnownFileType = sourcecode.swift; path = SceneDelegate.swift; sourceTree = "<group>"; };
		5BD0102924F4F72A00068258 /* MainViewController.swift */ = {isa = PBXFileReference; lastKnownFileType = sourcecode.swift; path = MainViewController.swift; sourceTree = "<group>"; };
		5BD0102C24F4F72A00068258 /* Base */ = {isa = PBXFileReference; lastKnownFileType = file.storyboard; name = Base; path = Base.lproj/Main.storyboard; sourceTree = "<group>"; };
		5BD0102F24F4F72A00068258 /* MutiDelegatesPractice.xcdatamodel */ = {isa = PBXFileReference; lastKnownFileType = wrapper.xcdatamodel; path = MutiDelegatesPractice.xcdatamodel; sourceTree = "<group>"; };
		5BD0103124F4F72C00068258 /* Assets.xcassets */ = {isa = PBXFileReference; lastKnownFileType = folder.assetcatalog; path = Assets.xcassets; sourceTree = "<group>"; };
		5BD0103424F4F72C00068258 /* Base */ = {isa = PBXFileReference; lastKnownFileType = file.storyboard; name = Base; path = Base.lproj/LaunchScreen.storyboard; sourceTree = "<group>"; };
		5BD0103624F4F72C00068258 /* Info.plist */ = {isa = PBXFileReference; lastKnownFileType = text.plist.xml; path = Info.plist; sourceTree = "<group>"; };
		5BD0103C24F5091D00068258 /* PinkViewController.swift */ = {isa = PBXFileReference; lastKnownFileType = sourcecode.swift; path = PinkViewController.swift; sourceTree = "<group>"; };
		5BD0103E24F50A2900068258 /* OrangeViewController.swift */ = {isa = PBXFileReference; lastKnownFileType = sourcecode.swift; path = OrangeViewController.swift; sourceTree = "<group>"; };
/* End PBXFileReference section */

/* Begin PBXFrameworksBuildPhase section */
		5BD0101F24F4F72900068258 /* Frameworks */ = {
			isa = PBXFrameworksBuildPhase;
			buildActionMask = 2147483647;
			files = (
			);
			runOnlyForDeploymentPostprocessing = 0;
		};
/* End PBXFrameworksBuildPhase section */

/* Begin PBXGroup section */
		5BD0101924F4F72900068258 = {
			isa = PBXGroup;
			children = (
				5BD0102424F4F72A00068258 /* MutiDelegatesPractice */,
				5BD0102324F4F72A00068258 /* Products */,
			);
			sourceTree = "<group>";
		};
		5BD0102324F4F72A00068258 /* Products */ = {
			isa = PBXGroup;
			children = (
				5BD0102224F4F72A00068258 /* MutiDelegatesPractice.app */,
			);
			name = Products;
			sourceTree = "<group>";
		};
		5BD0102424F4F72A00068258 /* MutiDelegatesPractice */ = {
			isa = PBXGroup;
			children = (
				5BD0102524F4F72A00068258 /* AppDelegate.swift */,
				5BD0102724F4F72A00068258 /* SceneDelegate.swift */,
				5BD0102924F4F72A00068258 /* MainViewController.swift */,
				5BD0103C24F5091D00068258 /* PinkViewController.swift */,
				5BD0103E24F50A2900068258 /* OrangeViewController.swift */,
				5BD0102B24F4F72A00068258 /* Main.storyboard */,
				5BD0103124F4F72C00068258 /* Assets.xcassets */,
				5BD0103324F4F72C00068258 /* LaunchScreen.storyboard */,
				5BD0103624F4F72C00068258 /* Info.plist */,
				5BD0102E24F4F72A00068258 /* MutiDelegatesPractice.xcdatamodeld */,
			);
			path = MutiDelegatesPractice;
			sourceTree = "<group>";
		};
/* End PBXGroup section */

/* Begin PBXNativeTarget section */
		5BD0102124F4F72900068258 /* MutiDelegatesPractice */ = {
			isa = PBXNativeTarget;
			buildConfigurationList = 5BD0103924F4F72C00068258 /* Build configuration list for PBXNativeTarget "MutiDelegatesPractice" */;
			buildPhases = (
				5BD0101E24F4F72900068258 /* Sources */,
				5BD0101F24F4F72900068258 /* Frameworks */,
				5BD0102024F4F72900068258 /* Resources */,
			);
			buildRules = (
			);
			dependencies = (
			);
			name = MutiDelegatesPractice;
			productName = MutiDelegatesPractice;
			productReference = 5BD0102224F4F72A00068258 /* MutiDelegatesPractice.app */;
			productType = "com.apple.product-type.application";
		};
/* End PBXNativeTarget section */

/* Begin PBXProject section */
		5BD0101A24F4F72900068258 /* Project object */ = {
			isa = PBXProject;
			attributes = {
				LastSwiftUpdateCheck = 1160;
				LastUpgradeCheck = 1160;
				ORGANIZATIONNAME = thisWhat;
				TargetAttributes = {
					5BD0102124F4F72900068258 = {
						CreatedOnToolsVersion = 11.6;
					};
				};
			};
			buildConfigurationList = 5BD0101D24F4F72900068258 /* Build configuration list for PBXProject "MutiDelegatesPractice" */;
			compatibilityVersion = "Xcode 9.3";
			developmentRegion = en;
			hasScannedForEncodings = 0;
			knownRegions = (
				en,
				Base,
			);
			mainGroup = 5BD0101924F4F72900068258;
			productRefGroup = 5BD0102324F4F72A00068258 /* Products */;
			projectDirPath = "";
			projectRoot = "";
			targets = (
				5BD0102124F4F72900068258 /* MutiDelegatesPractice */,
			);
		};
/* End PBXProject section */

/* Begin PBXResourcesBuildPhase section */
		5BD0102024F4F72900068258 /* Resources */ = {
			isa = PBXResourcesBuildPhase;
			buildActionMask = 2147483647;
			files = (
				5BD0103524F4F72C00068258 /* LaunchScreen.storyboard in Resources */,
				5BD0103224F4F72C00068258 /* Assets.xcassets in Resources */,
				5BD0102D24F4F72A00068258 /* Main.storyboard in Resources */,
			);
			runOnlyForDeploymentPostprocessing = 0;
		};
/* End PBXResourcesBuildPhase section */

/* Begin PBXSourcesBuildPhase section */
		5BD0101E24F4F72900068258 /* Sources */ = {
			isa = PBXSourcesBuildPhase;
			buildActionMask = 2147483647;
			files = (
				5BD0102A24F4F72A00068258 /* MainViewController.swift in Sources */,
				5BD0102624F4F72A00068258 /* AppDelegate.swift in Sources */,
				5BD0103F24F50A2900068258 /* OrangeViewController.swift in Sources */,
				5BD0103024F4F72A00068258 /* MutiDelegatesPractice.xcdatamodeld in Sources */,
				5BD0103D24F5091D00068258 /* PinkViewController.swift in Sources */,
				5BD0102824F4F72A00068258 /* SceneDelegate.swift in Sources */,
			);
			runOnlyForDeploymentPostprocessing = 0;
		};
/* End PBXSourcesBuildPhase section */

/* Begin PBXVariantGroup section */
		5BD0102B24F4F72A00068258 /* Main.storyboard */ = {
			isa = PBXVariantGroup;
			children = (
				5BD0102C24F4F72A00068258 /* Base */,
			);
			name = Main.storyboard;
			sourceTree = "<group>";
		};
		5BD0103324F4F72C00068258 /* LaunchScreen.storyboard */ = {
			isa = PBXVariantGroup;
			children = (
				5BD0103424F4F72C00068258 /* Base */,
			);
			name = LaunchScreen.storyboard;
			sourceTree = "<group>";
		};
/* End PBXVariantGroup section */

/* Begin XCBuildConfiguration section */
		5BD0103724F4F72C00068258 /* Debug */ = {
			isa = XCBuildConfiguration;
			buildSettings = {
				ALWAYS_SEARCH_USER_PATHS = NO;
				CLANG_ANALYZER_NONNULL = YES;
				CLANG_ANALYZER_NUMBER_OBJECT_CONVERSION = YES_AGGRESSIVE;
				CLANG_CXX_LANGUAGE_STANDARD = "gnu++14";
				CLANG_CXX_LIBRARY = "libc++";
				CLANG_ENABLE_MODULES = YES;
				CLANG_ENABLE_OBJC_ARC = YES;
				CLANG_ENABLE_OBJC_WEAK = YES;
				CLANG_WARN_BLOCK_CAPTURE_AUTORELEASING = YES;
				CLANG_WARN_BOOL_CONVERSION = YES;
				CLANG_WARN_COMMA = YES;
				CLANG_WARN_CONSTANT_CONVERSION = YES;
				CLANG_WARN_DEPRECATED_OBJC_IMPLEMENTATIONS = YES;
				CLANG_WARN_DIRECT_OBJC_ISA_USAGE = YES_ERROR;
				CLANG_WARN_DOCUMENTATION_COMMENTS = YES;
				CLANG_WARN_EMPTY_BODY = YES;
				CLANG_WARN_ENUM_CONVERSION = YES;
				CLANG_WARN_INFINITE_RECURSION = YES;
				CLANG_WARN_INT_CONVERSION = YES;
				CLANG_WARN_NON_LITERAL_NULL_CONVERSION = YES;
				CLANG_WARN_OBJC_IMPLICIT_RETAIN_SELF = YES;
				CLANG_WARN_OBJC_LITERAL_CONVERSION = YES;
				CLANG_WARN_OBJC_ROOT_CLASS = YES_ERROR;
				CLANG_WARN_RANGE_LOOP_ANALYSIS = YES;
				CLANG_WARN_STRICT_PROTOTYPES = YES;
				CLANG_WARN_SUSPICIOUS_MOVE = YES;
				CLANG_WARN_UNGUARDED_AVAILABILITY = YES_AGGRESSIVE;
				CLANG_WARN_UNREACHABLE_CODE = YES;
				CLANG_WARN__DUPLICATE_METHOD_MATCH = YES;
				COPY_PHASE_STRIP = NO;
				DEBUG_INFORMATION_FORMAT = dwarf;
				ENABLE_STRICT_OBJC_MSGSEND = YES;
				ENABLE_TESTABILITY = YES;
				GCC_C_LANGUAGE_STANDARD = gnu11;
				GCC_DYNAMIC_NO_PIC = NO;
				GCC_NO_COMMON_BLOCKS = YES;
				GCC_OPTIMIZATION_LEVEL = 0;
				GCC_PREPROCESSOR_DEFINITIONS = (
					"DEBUG=1",
					"$(inherited)",
				);
				GCC_WARN_64_TO_32_BIT_CONVERSION = YES;
				GCC_WARN_ABOUT_RETURN_TYPE = YES_ERROR;
				GCC_WARN_UNDECLARED_SELECTOR = YES;
				GCC_WARN_UNINITIALIZED_AUTOS = YES_AGGRESSIVE;
				GCC_WARN_UNUSED_FUNCTION = YES;
				GCC_WARN_UNUSED_VARIABLE = YES;
				IPHONEOS_DEPLOYMENT_TARGET = 13.6;
				MTL_ENABLE_DEBUG_INFO = INCLUDE_SOURCE;
				MTL_FAST_MATH = YES;
				ONLY_ACTIVE_ARCH = YES;
				SDKROOT = iphoneos;
				SWIFT_ACTIVE_COMPILATION_CONDITIONS = DEBUG;
				SWIFT_OPTIMIZATION_LEVEL = "-Onone";
			};
			name = Debug;
		};
		5BD0103824F4F72C00068258 /* Release */ = {
			isa = XCBuildConfiguration;
			buildSettings = {
				ALWAYS_SEARCH_USER_PATHS = NO;
				CLANG_ANALYZER_NONNULL = YES;
				CLANG_ANALYZER_NUMBER_OBJECT_CONVERSION = YES_AGGRESSIVE;
				CLANG_CXX_LANGUAGE_STANDARD = "gnu++14";
				CLANG_CXX_LIBRARY = "libc++";
				CLANG_ENABLE_MODULES = YES;
				CLANG_ENABLE_OBJC_ARC = YES;
				CLANG_ENABLE_OBJC_WEAK = YES;
				CLANG_WARN_BLOCK_CAPTURE_AUTORELEASING = YES;
				CLANG_WARN_BOOL_CONVERSION = YES;
				CLANG_WARN_COMMA = YES;
				CLANG_WARN_CONSTANT_CONVERSION = YES;
				CLANG_WARN_DEPRECATED_OBJC_IMPLEMENTATIONS = YES;
				CLANG_WARN_DIRECT_OBJC_ISA_USAGE = YES_ERROR;
				CLANG_WARN_DOCUMENTATION_COMMENTS = YES;
				CLANG_WARN_EMPTY_BODY = YES;
				CLANG_WARN_ENUM_CONVERSION = YES;
				CLANG_WARN_INFINITE_RECURSION = YES;
				CLANG_WARN_INT_CONVERSION = YES;
				CLANG_WARN_NON_LITERAL_NULL_CONVERSION = YES;
				CLANG_WARN_OBJC_IMPLICIT_RETAIN_SELF = YES;
				CLANG_WARN_OBJC_LITERAL_CONVERSION = YES;
				CLANG_WARN_OBJC_ROOT_CLASS = YES_ERROR;
				CLANG_WARN_RANGE_LOOP_ANALYSIS = YES;
				CLANG_WARN_STRICT_PROTOTYPES = YES;
				CLANG_WARN_SUSPICIOUS_MOVE = YES;
				CLANG_WARN_UNGUARDED_AVAILABILITY = YES_AGGRESSIVE;
				CLANG_WARN_UNREACHABLE_CODE = YES;
				CLANG_WARN__DUPLICATE_METHOD_MATCH = YES;
				COPY_PHASE_STRIP = NO;
				DEBUG_INFORMATION_FORMAT = "dwarf-with-dsym";
				ENABLE_NS_ASSERTIONS = NO;
				ENABLE_STRICT_OBJC_MSGSEND = YES;
				GCC_C_LANGUAGE_STANDARD = gnu11;
				GCC_NO_COMMON_BLOCKS = YES;
				GCC_WARN_64_TO_32_BIT_CONVERSION = YES;
				GCC_WARN_ABOUT_RETURN_TYPE = YES_ERROR;
				GCC_WARN_UNDECLARED_SELECTOR = YES;
				GCC_WARN_UNINITIALIZED_AUTOS = YES_AGGRESSIVE;
				GCC_WARN_UNUSED_FUNCTION = YES;
				GCC_WARN_UNUSED_VARIABLE = YES;
				IPHONEOS_DEPLOYMENT_TARGET = 13.6;
				MTL_ENABLE_DEBUG_INFO = NO;
				MTL_FAST_MATH = YES;
				SDKROOT = iphoneos;
				SWIFT_COMPILATION_MODE = wholemodule;
				SWIFT_OPTIMIZATION_LEVEL = "-O";
				VALIDATE_PRODUCT = YES;
			};
			name = Release;
		};
		5BD0103A24F4F72C00068258 /* Debug */ = {
			isa = XCBuildConfiguration;
			buildSettings = {
				ASSETCATALOG_COMPILER_APPICON_NAME = AppIcon;
				CODE_SIGN_STYLE = Automatic;
				DEVELOPMENT_TEAM = HMB28F9R4H;
				INFOPLIST_FILE = MutiDelegatesPractice/Info.plist;
				LD_RUNPATH_SEARCH_PATHS = (
					"$(inherited)",
					"@executable_path/Frameworks",
				);
				PRODUCT_BUNDLE_IDENTIFIER = woodycode.MutiDelegatesPractice;
				PRODUCT_NAME = "$(TARGET_NAME)";
				SWIFT_VERSION = 5.0;
				TARGETED_DEVICE_FAMILY = "1,2";
			};
			name = Debug;
		};
		5BD0103B24F4F72C00068258 /* Release */ = {
			isa = XCBuildConfiguration;
			buildSettings = {
				ASSETCATALOG_COMPILER_APPICON_NAME = AppIcon;
				CODE_SIGN_STYLE = Automatic;
				DEVELOPMENT_TEAM = HMB28F9R4H;
				INFOPLIST_FILE = MutiDelegatesPractice/Info.plist;
				LD_RUNPATH_SEARCH_PATHS = (
					"$(inherited)",
					"@executable_path/Frameworks",
				);
				PRODUCT_BUNDLE_IDENTIFIER = woodycode.MutiDelegatesPractice;
				PRODUCT_NAME = "$(TARGET_NAME)";
				SWIFT_VERSION = 5.0;
				TARGETED_DEVICE_FAMILY = "1,2";
			};
			name = Release;
		};
/* End XCBuildConfiguration section */

/* Begin XCConfigurationList section */
		5BD0101D24F4F72900068258 /* Build configuration list for PBXProject "MutiDelegatesPractice" */ = {
			isa = XCConfigurationList;
			buildConfigurations = (
				5BD0103724F4F72C00068258 /* Debug */,
				5BD0103824F4F72C00068258 /* Release */,
			);
			defaultConfigurationIsVisible = 0;
			defaultConfigurationName = Release;
		};
		5BD0103924F4F72C00068258 /* Build configuration list for PBXNativeTarget "MutiDelegatesPractice" */ = {
			isa = XCConfigurationList;
			buildConfigurations = (
				5BD0103A24F4F72C00068258 /* Debug */,
				5BD0103B24F4F72C00068258 /* Release */,
			);
			defaultConfigurationIsVisible = 0;
			defaultConfigurationName = Release;
		};
/* End XCConfigurationList section */

/* Begin XCVersionGroup section */
		5BD0102E24F4F72A00068258 /* MutiDelegatesPractice.xcdatamodeld */ = {
			isa = XCVersionGroup;
			children = (
				5BD0102F24F4F72A00068258 /* MutiDelegatesPractice.xcdatamodel */,
			);
			currentVersion = 5BD0102F24F4F72A00068258 /* MutiDelegatesPractice.xcdatamodel */;
			path = MutiDelegatesPractice.xcdatamodeld;
			sourceTree = "<group>";
			versionGroupType = wrapper.xcdatamodel;
		};
/* End XCVersionGroup section */
	};
	rootObject = 5BD0101A24F4F72900068258 /* Project object */;
}
